
Microsoft Visual Studio Solution File, Format Version 12.00
# Visual Studio Version 17
VisualStudioVersion = 17.4.33205.214
MinimumVisualStudioVersion = 10.0.40219.1
Project("{2150E333-8FDC-42A3-9474-1A3956D46DE8}") = "src", "src", "{4CD4F72C-2C57-46DD-8C8E-DFFA8765E323}"
EndProject
Project("{9A19103F-16F7-4668-BE54-9A1E7A4F7556}") = "CodeAnalyzeUtility", "src\CodeAnalyzeUtility\CodeAnalyzeUtility.csproj", "{CE185936-296E-4DE7-AA47-8D3E68199712}"
EndProject
Project("{9A19103F-16F7-4668-BE54-9A1E7A4F7556}") = "CodeAnalyzeUtilityGenerator", "src\CodeAnalyzeUtilityGenerator\CodeAnalyzeUtilityGenerator.csproj", "{0A7A30B8-A529-472E-87E8-818BC90142DE}"
EndProject
Project("{9A19103F-16F7-4668-BE54-9A1E7A4F7556}") = "SampleProject", "src\SampleProject\SampleProject.csproj", "{22AAAB8D-A76C-42DD-B1E7-DBCA89CF860F}"
EndProject
Project("{9A19103F-16F7-4668-BE54-9A1E7A4F7556}") = "SampleGenerator", "src\SampleGenerator\SampleGenerator.csproj", "{04B0A848-A11B-4E8D-89BC-CA1475FDE6A5}"
EndProject
Global
	GlobalSection(SolutionConfigurationPlatforms) = preSolution
		Debug|Any CPU = Debug|Any CPU
		Release|Any CPU = Release|Any CPU
	EndGlobalSection
	GlobalSection(ProjectConfigurationPlatforms) = postSolution
		{CE185936-296E-4DE7-AA47-8D3E68199712}.Debug|Any CPU.ActiveCfg = Debug|Any CPU
		{CE185936-296E-4DE7-AA47-8D3E68199712}.Debug|Any CPU.Build.0 = Debug|Any CPU
		{CE185936-296E-4DE7-AA47-8D3E68199712}.Release|Any CPU.ActiveCfg = Release|Any CPU
		{CE185936-296E-4DE7-AA47-8D3E68199712}.Release|Any CPU.Build.0 = Release|Any CPU
		{0A7A30B8-A529-472E-87E8-818BC90142DE}.Debug|Any CPU.ActiveCfg = Debug|Any CPU
		{0A7A30B8-A529-472E-87E8-818BC90142DE}.Debug|Any CPU.Build.0 = Debug|Any CPU
		{0A7A30B8-A529-472E-87E8-818BC90142DE}.Release|Any CPU.ActiveCfg = Release|Any CPU
		{0A7A30B8-A529-472E-87E8-818BC90142DE}.Release|Any CPU.Build.0 = Release|Any CPU
		{22AAAB8D-A76C-42DD-B1E7-DBCA89CF860F}.Debug|Any CPU.ActiveCfg = Debug|Any CPU
		{22AAAB8D-A76C-42DD-B1E7-DBCA89CF860F}.Debug|Any CPU.Build.0 = Debug|Any CPU
		{22AAAB8D-A76C-42DD-B1E7-DBCA89CF860F}.Release|Any CPU.ActiveCfg = Release|Any CPU
		{22AAAB8D-A76C-42DD-B1E7-DBCA89CF860F}.Release|Any CPU.Build.0 = Release|Any CPU
		{04B0A848-A11B-4E8D-89BC-CA1475FDE6A5}.Debug|Any CPU.ActiveCfg = Debug|Any CPU
		{04B0A848-A11B-4E8D-89BC-CA1475FDE6A5}.Debug|Any CPU.Build.0 = Debug|Any CPU
		{04B0A848-A11B-4E8D-89BC-CA1475FDE6A5}.Release|Any CPU.ActiveCfg = Release|Any CPU
		{04B0A848-A11B-4E8D-89BC-CA1475FDE6A5}.Release|Any CPU.Build.0 = Release|Any CPU
	EndGlobalSection
	GlobalSection(SolutionProperties) = preSolution
		HideSolutionNode = FALSE
	EndGlobalSection
	GlobalSection(NestedProjects) = preSolution
		{CE185936-296E-4DE7-AA47-8D3E68199712} = {4CD4F72C-2C57-46DD-8C8E-DFFA8765E323}
		{0A7A30B8-A529-472E-87E8-818BC90142DE} = {4CD4F72C-2C57-46DD-8C8E-DFFA8765E323}
		{22AAAB8D-A76C-42DD-B1E7-DBCA89CF860F} = {4CD4F72C-2C57-46DD-8C8E-DFFA8765E323}
		{04B0A848-A11B-4E8D-89BC-CA1475FDE6A5} = {4CD4F72C-2C57-46DD-8C8E-DFFA8765E323}
	EndGlobalSection
	GlobalSection(ExtensibilityGlobals) = postSolution
		SolutionGuid = {EF924405-6483-4083-A144-C474CE33C975}
	EndGlobalSection
EndGlobal
